
Microsoft Visual Studio Solution File, Format Version 12.00
# Visual Studio Version 17
VisualStudioVersion = 17.8.34525.116
MinimumVisualStudioVersion = 10.0.40219.1
Project("{FAE04EC0-301F-11D3-BF4B-00C04F79EFBC}") = "Web Assignment 1", "Web Assignment 1.csproj", "{D1B5F89A-89CC-4CFD-A219-DF29A751D3DC}"
EndProject
Global
	GlobalSection(SolutionConfigurationPlatforms) = preSolution
		Debug|Any CPU = Debug|Any CPU
		Release|Any CPU = Release|Any CPU
	EndGlobalSection
	GlobalSection(ProjectConfigurationPlatforms) = postSolution
		{D1B5F89A-89CC-4CFD-A219-DF29A751D3DC}.Debug|Any CPU.ActiveCfg = Debug|Any CPU
		{D1B5F89A-89CC-4CFD-A219-DF29A751D3DC}.Debug|Any CPU.Build.0 = Debug|Any CPU
		{D1B5F89A-89CC-4CFD-A219-DF29A751D3DC}.Release|Any CPU.ActiveCfg = Release|Any CPU
		{D1B5F89A-89CC-4CFD-A219-DF29A751D3DC}.Release|Any CPU.Build.0 = Release|Any CPU
	EndGlobalSection
	GlobalSection(SolutionProperties) = preSolution
		HideSolutionNode = FALSE
	EndGlobalSection
	GlobalSection(ExtensibilityGlobals) = postSolution
		SolutionGuid = {C75739FC-1FA3-447D-BCA9-BE59BFBAE18B}
	EndGlobalSection
EndGlobal
